
Microsoft Visual Studio Solution File, Format Version 12.00
# Visual Studio Version 16
VisualStudioVersion = 16.0.29613.14
MinimumVisualStudioVersion = 10.0.40219.1
Project("{9A19103F-16F7-4668-BE54-9A1E7A4F7556}") = "MediatR.Courier", "MediatR.Courier\MediatR.Courier.csproj", "{6D85BD8A-58CC-4009-916E-FCB9CF75A185}"
EndProject
Project("{9A19103F-16F7-4668-BE54-9A1E7A4F7556}") = "MediatR.Courier.DependencyInjection", "MediatR.Courier.DependencyInjection\MediatR.Courier.DependencyInjection.csproj", "{E2515D84-5669-48D9-956D-F14E2072CB32}"
EndProject
Project("{9A19103F-16F7-4668-BE54-9A1E7A4F7556}") = "MediatR.Courier.Tests", "MediatR.Courier.Tests\MediatR.Courier.Tests.csproj", "{C1A3F4C8-813C-4A7B-B1CF-9AA473A7E1B0}"
EndProject
Project("{FAE04EC0-301F-11D3-BF4B-00C04F79EFBC}") = "MediatR.Courier.DependencyInjection.Tests", "MediatR.Courier.DependencyInjection.Tests\MediatR.Courier.DependencyInjection.Tests.csproj", "{EAEA4473-CED4-49E4-B6F9-44676C2E11FB}"
EndProject
Project("{FAE04EC0-301F-11D3-BF4B-00C04F79EFBC}") = "MediatR.Courier.TestResources", "MediatR.Courier.TestResources\MediatR.Courier.TestResources.csproj", "{7D4E1038-1F22-4FB8-9040-707308B44595}"
EndProject
Project("{2150E333-8FDC-42A3-9474-1A3956D46DE8}") = "Solution Items", "Solution Items", "{A8938C37-CC38-403C-9696-04D909027374}"
	ProjectSection(SolutionItems) = preProject
		.editorconfig = .editorconfig
	EndProjectSection
EndProject
Global
	GlobalSection(SolutionConfigurationPlatforms) = preSolution
		Debug|Any CPU = Debug|Any CPU
		Release|Any CPU = Release|Any CPU
	EndGlobalSection
	GlobalSection(ProjectConfigurationPlatforms) = postSolution
		{6D85BD8A-58CC-4009-916E-FCB9CF75A185}.Debug|Any CPU.ActiveCfg = Debug|Any CPU
		{6D85BD8A-58CC-4009-916E-FCB9CF75A185}.Debug|Any CPU.Build.0 = Debug|Any CPU
		{6D85BD8A-58CC-4009-916E-FCB9CF75A185}.Release|Any CPU.ActiveCfg = Release|Any CPU
		{6D85BD8A-58CC-4009-916E-FCB9CF75A185}.Release|Any CPU.Build.0 = Release|Any CPU
		{E2515D84-5669-48D9-956D-F14E2072CB32}.Debug|Any CPU.ActiveCfg = Debug|Any CPU
		{E2515D84-5669-48D9-956D-F14E2072CB32}.Debug|Any CPU.Build.0 = Debug|Any CPU
		{E2515D84-5669-48D9-956D-F14E2072CB32}.Release|Any CPU.ActiveCfg = Release|Any CPU
		{E2515D84-5669-48D9-956D-F14E2072CB32}.Release|Any CPU.Build.0 = Release|Any CPU
		{C1A3F4C8-813C-4A7B-B1CF-9AA473A7E1B0}.Debug|Any CPU.ActiveCfg = Debug|Any CPU
		{C1A3F4C8-813C-4A7B-B1CF-9AA473A7E1B0}.Debug|Any CPU.Build.0 = Debug|Any CPU
		{C1A3F4C8-813C-4A7B-B1CF-9AA473A7E1B0}.Release|Any CPU.ActiveCfg = Release|Any CPU
		{C1A3F4C8-813C-4A7B-B1CF-9AA473A7E1B0}.Release|Any CPU.Build.0 = Release|Any CPU
		{EAEA4473-CED4-49E4-B6F9-44676C2E11FB}.Debug|Any CPU.ActiveCfg = Debug|Any CPU
		{EAEA4473-CED4-49E4-B6F9-44676C2E11FB}.Debug|Any CPU.Build.0 = Debug|Any CPU
		{EAEA4473-CED4-49E4-B6F9-44676C2E11FB}.Release|Any CPU.ActiveCfg = Release|Any CPU
		{EAEA4473-CED4-49E4-B6F9-44676C2E11FB}.Release|Any CPU.Build.0 = Release|Any CPU
		{7D4E1038-1F22-4FB8-9040-707308B44595}.Debug|Any CPU.ActiveCfg = Debug|Any CPU
		{7D4E1038-1F22-4FB8-9040-707308B44595}.Debug|Any CPU.Build.0 = Debug|Any CPU
		{7D4E1038-1F22-4FB8-9040-707308B44595}.Release|Any CPU.ActiveCfg = Release|Any CPU
		{7D4E1038-1F22-4FB8-9040-707308B44595}.Release|Any CPU.Build.0 = Release|Any CPU
	EndGlobalSection
	GlobalSection(SolutionProperties) = preSolution
		HideSolutionNode = FALSE
	EndGlobalSection
	GlobalSection(ExtensibilityGlobals) = postSolution
		SolutionGuid = {38D89286-0FF5-415E-BD34-0622A3FFB77B}
	EndGlobalSection
EndGlobal
