
Microsoft Visual Studio Solution File, Format Version 12.00
# Visual Studio Version 17
VisualStudioVersion = 17.0.31919.166
MinimumVisualStudioVersion = 10.0.40219.1
Project("{9A19103F-16F7-4668-BE54-9A1E7A4F7556}") = "MediatR.Courier", "MediatR.Courier\MediatR.Courier.csproj", "{6D85BD8A-58CC-4009-916E-FCB9CF75A185}"
EndProject
Project("{9A19103F-16F7-4668-BE54-9A1E7A4F7556}") = "MediatR.Courier.DependencyInjection", "MediatR.Courier.DependencyInjection\MediatR.Courier.DependencyInjection.csproj", "{E2515D84-5669-48D9-956D-F14E2072CB32}"
EndProject
Project("{9A19103F-16F7-4668-BE54-9A1E7A4F7556}") = "MediatR.Courier.Tests", "MediatR.Courier.Tests\MediatR.Courier.Tests.csproj", "{C1A3F4C8-813C-4A7B-B1CF-9AA473A7E1B0}"
EndProject
Project("{9A19103F-16F7-4668-BE54-9A1E7A4F7556}") = "MediatR.Courier.DependencyInjection.Tests", "MediatR.Courier.DependencyInjection.Tests\MediatR.Courier.DependencyInjection.Tests.csproj", "{EAEA4473-CED4-49E4-B6F9-44676C2E11FB}"
EndProject
Project("{9A19103F-16F7-4668-BE54-9A1E7A4F7556}") = "MediatR.Courier.TestResources", "MediatR.Courier.TestResources\MediatR.Courier.TestResources.csproj", "{7D4E1038-1F22-4FB8-9040-707308B44595}"
EndProject
Project("{2150E333-8FDC-42A3-9474-1A3956D46DE8}") = "Solution Items", "Solution Items", "{A8938C37-CC38-403C-9696-04D909027374}"
	ProjectSection(SolutionItems) = preProject
		.editorconfig = .editorconfig
		Directory.Build.props = Directory.Build.props
		Directory.Packages.props = Directory.Packages.props
	EndProjectSection
EndProject
Project("{9A19103F-16F7-4668-BE54-9A1E7A4F7556}") = "MediatR.Courier.Examples.Wpf.Core", "MediatR.Courier.Examples.Wpf.Core\MediatR.Courier.Examples.Wpf.Core.csproj", "{D171C567-8EE4-4091-B695-3CC849C720DE}"
EndProject
Project("{9A19103F-16F7-4668-BE54-9A1E7A4F7556}") = "MediatR.Courier.Examples.Shared", "MediatR.Courier.Examples.Shared\MediatR.Courier.Examples.Shared.csproj", "{9940DAEA-7AF6-4914-BCFF-0ACBFA6C3FB2}"
EndProject
Project("{2150E333-8FDC-42A3-9474-1A3956D46DE8}") = "MainProject", "MainProject", "{2074E86E-3368-4230-98D8-DF9B05EED857}"
EndProject
Project("{2150E333-8FDC-42A3-9474-1A3956D46DE8}") = "Tests", "Tests", "{618C01D2-4A0F-4111-A22F-E7647A7DA30B}"
EndProject
Project("{2150E333-8FDC-42A3-9474-1A3956D46DE8}") = "Samples", "Samples", "{36F518A8-F765-46C3-A6B8-E55282D191A1}"
EndProject
Project("{9A19103F-16F7-4668-BE54-9A1E7A4F7556}") = "MediatR.Courier.Build", "MediatR.Courier.Build\MediatR.Courier.Build.csproj", "{655E9E1E-C07A-4D04-87FE-6B5B21FB0346}"
EndProject
Project("{2150E333-8FDC-42A3-9474-1A3956D46DE8}") = "Build", "Build", "{63976DF4-337C-4C39-A76B-9DAAEFC9C0A1}"
EndProject
Project("{9A19103F-16F7-4668-BE54-9A1E7A4F7556}") = "BlazorServerSample", "BlazorServerSample\BlazorServerSample.csproj", "{62617989-6504-4477-AC0A-B4E07FDB4D41}"
EndProject
Project("{FAE04EC0-301F-11D3-BF4B-00C04F79EFBC}") = "MediatR.Courier.GenericTests", "MediatR.Courier.GenericTests\MediatR.Courier.GenericTests.csproj", "{CAD68803-EE4E-4227-A35A-B2ED247D5CC4}"
EndProject
Global
	GlobalSection(SolutionConfigurationPlatforms) = preSolution
		Debug|Any CPU = Debug|Any CPU
		Release|Any CPU = Release|Any CPU
	EndGlobalSection
	GlobalSection(ProjectConfigurationPlatforms) = postSolution
		{6D85BD8A-58CC-4009-916E-FCB9CF75A185}.Debug|Any CPU.ActiveCfg = Debug|Any CPU
		{6D85BD8A-58CC-4009-916E-FCB9CF75A185}.Debug|Any CPU.Build.0 = Debug|Any CPU
		{6D85BD8A-58CC-4009-916E-FCB9CF75A185}.Release|Any CPU.ActiveCfg = Release|Any CPU
		{6D85BD8A-58CC-4009-916E-FCB9CF75A185}.Release|Any CPU.Build.0 = Release|Any CPU
		{E2515D84-5669-48D9-956D-F14E2072CB32}.Debug|Any CPU.ActiveCfg = Debug|Any CPU
		{E2515D84-5669-48D9-956D-F14E2072CB32}.Debug|Any CPU.Build.0 = Debug|Any CPU
		{E2515D84-5669-48D9-956D-F14E2072CB32}.Release|Any CPU.ActiveCfg = Release|Any CPU
		{E2515D84-5669-48D9-956D-F14E2072CB32}.Release|Any CPU.Build.0 = Release|Any CPU
		{C1A3F4C8-813C-4A7B-B1CF-9AA473A7E1B0}.Debug|Any CPU.ActiveCfg = Debug|Any CPU
		{C1A3F4C8-813C-4A7B-B1CF-9AA473A7E1B0}.Debug|Any CPU.Build.0 = Debug|Any CPU
		{C1A3F4C8-813C-4A7B-B1CF-9AA473A7E1B0}.Release|Any CPU.ActiveCfg = Release|Any CPU
		{C1A3F4C8-813C-4A7B-B1CF-9AA473A7E1B0}.Release|Any CPU.Build.0 = Release|Any CPU
		{EAEA4473-CED4-49E4-B6F9-44676C2E11FB}.Debug|Any CPU.ActiveCfg = Debug|Any CPU
		{EAEA4473-CED4-49E4-B6F9-44676C2E11FB}.Debug|Any CPU.Build.0 = Debug|Any CPU
		{EAEA4473-CED4-49E4-B6F9-44676C2E11FB}.Release|Any CPU.ActiveCfg = Release|Any CPU
		{EAEA4473-CED4-49E4-B6F9-44676C2E11FB}.Release|Any CPU.Build.0 = Release|Any CPU
		{7D4E1038-1F22-4FB8-9040-707308B44595}.Debug|Any CPU.ActiveCfg = Debug|Any CPU
		{7D4E1038-1F22-4FB8-9040-707308B44595}.Debug|Any CPU.Build.0 = Debug|Any CPU
		{7D4E1038-1F22-4FB8-9040-707308B44595}.Release|Any CPU.ActiveCfg = Release|Any CPU
		{7D4E1038-1F22-4FB8-9040-707308B44595}.Release|Any CPU.Build.0 = Release|Any CPU
		{D171C567-8EE4-4091-B695-3CC849C720DE}.Debug|Any CPU.ActiveCfg = Debug|Any CPU
		{D171C567-8EE4-4091-B695-3CC849C720DE}.Debug|Any CPU.Build.0 = Debug|Any CPU
		{D171C567-8EE4-4091-B695-3CC849C720DE}.Release|Any CPU.ActiveCfg = Release|Any CPU
		{D171C567-8EE4-4091-B695-3CC849C720DE}.Release|Any CPU.Build.0 = Release|Any CPU
		{9940DAEA-7AF6-4914-BCFF-0ACBFA6C3FB2}.Debug|Any CPU.ActiveCfg = Debug|Any CPU
		{9940DAEA-7AF6-4914-BCFF-0ACBFA6C3FB2}.Debug|Any CPU.Build.0 = Debug|Any CPU
		{9940DAEA-7AF6-4914-BCFF-0ACBFA6C3FB2}.Release|Any CPU.ActiveCfg = Release|Any CPU
		{9940DAEA-7AF6-4914-BCFF-0ACBFA6C3FB2}.Release|Any CPU.Build.0 = Release|Any CPU
		{655E9E1E-C07A-4D04-87FE-6B5B21FB0346}.Debug|Any CPU.ActiveCfg = Debug|Any CPU
		{655E9E1E-C07A-4D04-87FE-6B5B21FB0346}.Release|Any CPU.ActiveCfg = Release|Any CPU
		{62617989-6504-4477-AC0A-B4E07FDB4D41}.Debug|Any CPU.ActiveCfg = Debug|Any CPU
		{62617989-6504-4477-AC0A-B4E07FDB4D41}.Debug|Any CPU.Build.0 = Debug|Any CPU
		{62617989-6504-4477-AC0A-B4E07FDB4D41}.Release|Any CPU.ActiveCfg = Release|Any CPU
		{62617989-6504-4477-AC0A-B4E07FDB4D41}.Release|Any CPU.Build.0 = Release|Any CPU
		{CAD68803-EE4E-4227-A35A-B2ED247D5CC4}.Debug|Any CPU.ActiveCfg = Debug|Any CPU
		{CAD68803-EE4E-4227-A35A-B2ED247D5CC4}.Debug|Any CPU.Build.0 = Debug|Any CPU
		{CAD68803-EE4E-4227-A35A-B2ED247D5CC4}.Release|Any CPU.ActiveCfg = Release|Any CPU
		{CAD68803-EE4E-4227-A35A-B2ED247D5CC4}.Release|Any CPU.Build.0 = Release|Any CPU
	EndGlobalSection
	GlobalSection(SolutionProperties) = preSolution
		HideSolutionNode = FALSE
	EndGlobalSection
	GlobalSection(NestedProjects) = preSolution
		{6D85BD8A-58CC-4009-916E-FCB9CF75A185} = {2074E86E-3368-4230-98D8-DF9B05EED857}
		{E2515D84-5669-48D9-956D-F14E2072CB32} = {2074E86E-3368-4230-98D8-DF9B05EED857}
		{C1A3F4C8-813C-4A7B-B1CF-9AA473A7E1B0} = {618C01D2-4A0F-4111-A22F-E7647A7DA30B}
		{EAEA4473-CED4-49E4-B6F9-44676C2E11FB} = {618C01D2-4A0F-4111-A22F-E7647A7DA30B}
		{7D4E1038-1F22-4FB8-9040-707308B44595} = {618C01D2-4A0F-4111-A22F-E7647A7DA30B}
		{D171C567-8EE4-4091-B695-3CC849C720DE} = {36F518A8-F765-46C3-A6B8-E55282D191A1}
		{9940DAEA-7AF6-4914-BCFF-0ACBFA6C3FB2} = {36F518A8-F765-46C3-A6B8-E55282D191A1}
		{655E9E1E-C07A-4D04-87FE-6B5B21FB0346} = {63976DF4-337C-4C39-A76B-9DAAEFC9C0A1}
		{62617989-6504-4477-AC0A-B4E07FDB4D41} = {36F518A8-F765-46C3-A6B8-E55282D191A1}
		{CAD68803-EE4E-4227-A35A-B2ED247D5CC4} = {618C01D2-4A0F-4111-A22F-E7647A7DA30B}
	EndGlobalSection
	GlobalSection(ExtensibilityGlobals) = postSolution
		SolutionGuid = {38D89286-0FF5-415E-BD34-0622A3FFB77B}
	EndGlobalSection
EndGlobal
